
Microsoft Visual Studio Solution File, Format Version 12.00
# Visual Studio Version 17
VisualStudioVersion = 17.3.32929.385
MinimumVisualStudioVersion = 10.0.40219.1
Project("{FAE04EC0-301F-11D3-BF4B-00C04F79EFBC}") = "ConsoleApp12", "ConsoleApp12\ConsoleApp12.csproj", "{D2B7E588-8655-4667-923B-6BA354E387F9}"
EndProject
Global
	GlobalSection(SolutionConfigurationPlatforms) = preSolution
		Debug|Any CPU = Debug|Any CPU
		Release|Any CPU = Release|Any CPU
	EndGlobalSection
	GlobalSection(ProjectConfigurationPlatforms) = postSolution
		{D2B7E588-8655-4667-923B-6BA354E387F9}.Debug|Any CPU.ActiveCfg = Debug|Any CPU
		{D2B7E588-8655-4667-923B-6BA354E387F9}.Debug|Any CPU.Build.0 = Debug|Any CPU
		{D2B7E588-8655-4667-923B-6BA354E387F9}.Release|Any CPU.ActiveCfg = Release|Any CPU
		{D2B7E588-8655-4667-923B-6BA354E387F9}.Release|Any CPU.Build.0 = Release|Any CPU
	EndGlobalSection
	GlobalSection(SolutionProperties) = preSolution
		HideSolutionNode = FALSE
	EndGlobalSection
	GlobalSection(ExtensibilityGlobals) = postSolution
		SolutionGuid = {0C80BA9B-7E90-4FE9-B441-3BC7FCAE31B0}
	EndGlobalSection
EndGlobal
