
Microsoft Visual Studio Solution File, Format Version 12.00
# Visual Studio Version 17
VisualStudioVersion = 17.3.32929.385
MinimumVisualStudioVersion = 10.0.40219.1
Project("{FAE04EC0-301F-11D3-BF4B-00C04F79EFBC}") = "Task3", "Task3\Task3.csproj", "{E54D4361-AB32-40F7-8D99-935A00BCB3A0}"
EndProject
Global
	GlobalSection(SolutionConfigurationPlatforms) = preSolution
		Debug|Any CPU = Debug|Any CPU
		Release|Any CPU = Release|Any CPU
	EndGlobalSection
	GlobalSection(ProjectConfigurationPlatforms) = postSolution
		{E54D4361-AB32-40F7-8D99-935A00BCB3A0}.Debug|Any CPU.ActiveCfg = Debug|Any CPU
		{E54D4361-AB32-40F7-8D99-935A00BCB3A0}.Debug|Any CPU.Build.0 = Debug|Any CPU
		{E54D4361-AB32-40F7-8D99-935A00BCB3A0}.Release|Any CPU.ActiveCfg = Release|Any CPU
		{E54D4361-AB32-40F7-8D99-935A00BCB3A0}.Release|Any CPU.Build.0 = Release|Any CPU
	EndGlobalSection
	GlobalSection(SolutionProperties) = preSolution
		HideSolutionNode = FALSE
	EndGlobalSection
	GlobalSection(ExtensibilityGlobals) = postSolution
		SolutionGuid = {53A4ABC2-6DC9-4364-91CD-DA7FB9218468}
	EndGlobalSection
EndGlobal
