
Microsoft Visual Studio Solution File, Format Version 12.00
# Visual Studio Version 17
VisualStudioVersion = 17.3.32929.385
MinimumVisualStudioVersion = 10.0.40219.1
Project("{FAE04EC0-301F-11D3-BF4B-00C04F79EFBC}") = "Live coding", "Live coding\Live coding.csproj", "{94A5F04B-EE52-4635-84FE-A22E588A468C}"
EndProject
Global
	GlobalSection(SolutionConfigurationPlatforms) = preSolution
		Debug|Any CPU = Debug|Any CPU
		Release|Any CPU = Release|Any CPU
	EndGlobalSection
	GlobalSection(ProjectConfigurationPlatforms) = postSolution
		{94A5F04B-EE52-4635-84FE-A22E588A468C}.Debug|Any CPU.ActiveCfg = Debug|Any CPU
		{94A5F04B-EE52-4635-84FE-A22E588A468C}.Debug|Any CPU.Build.0 = Debug|Any CPU
		{94A5F04B-EE52-4635-84FE-A22E588A468C}.Release|Any CPU.ActiveCfg = Release|Any CPU
		{94A5F04B-EE52-4635-84FE-A22E588A468C}.Release|Any CPU.Build.0 = Release|Any CPU
	EndGlobalSection
	GlobalSection(SolutionProperties) = preSolution
		HideSolutionNode = FALSE
	EndGlobalSection
	GlobalSection(ExtensibilityGlobals) = postSolution
		SolutionGuid = {1465B38B-A022-4530-A48E-3A03014003C3}
	EndGlobalSection
EndGlobal
