
Microsoft Visual Studio Solution File, Format Version 12.00
# Visual Studio Version 17
VisualStudioVersion = 17.3.32929.385
MinimumVisualStudioVersion = 10.0.40219.1
Project("{FAE04EC0-301F-11D3-BF4B-00C04F79EFBC}") = "WebApplication1", "WebApplication1\WebApplication1.csproj", "{021C1E15-A65B-4C74-B43F-449202BE70A1}"
EndProject
Global
	GlobalSection(SolutionConfigurationPlatforms) = preSolution
		Debug|Any CPU = Debug|Any CPU
		Release|Any CPU = Release|Any CPU
	EndGlobalSection
	GlobalSection(ProjectConfigurationPlatforms) = postSolution
		{021C1E15-A65B-4C74-B43F-449202BE70A1}.Debug|Any CPU.ActiveCfg = Debug|Any CPU
		{021C1E15-A65B-4C74-B43F-449202BE70A1}.Debug|Any CPU.Build.0 = Debug|Any CPU
		{021C1E15-A65B-4C74-B43F-449202BE70A1}.Release|Any CPU.ActiveCfg = Release|Any CPU
		{021C1E15-A65B-4C74-B43F-449202BE70A1}.Release|Any CPU.Build.0 = Release|Any CPU
	EndGlobalSection
	GlobalSection(SolutionProperties) = preSolution
		HideSolutionNode = FALSE
	EndGlobalSection
	GlobalSection(ExtensibilityGlobals) = postSolution
		SolutionGuid = {CD53F143-4341-4C6A-8529-BD787E0BC6C6}
	EndGlobalSection
EndGlobal
