
Microsoft Visual Studio Solution File, Format Version 12.00
# Visual Studio Version 17
VisualStudioVersion = 17.3.32929.385
MinimumVisualStudioVersion = 10.0.40219.1
Project("{FAE04EC0-301F-11D3-BF4B-00C04F79EFBC}") = "kursovaya", "kursovaya\kursovaya.csproj", "{5931F5F7-6A82-49B0-A1CE-53CDEB8908A3}"
EndProject
Global
	GlobalSection(SolutionConfigurationPlatforms) = preSolution
		Debug|Any CPU = Debug|Any CPU
		Release|Any CPU = Release|Any CPU
	EndGlobalSection
	GlobalSection(ProjectConfigurationPlatforms) = postSolution
		{5931F5F7-6A82-49B0-A1CE-53CDEB8908A3}.Debug|Any CPU.ActiveCfg = Debug|Any CPU
		{5931F5F7-6A82-49B0-A1CE-53CDEB8908A3}.Debug|Any CPU.Build.0 = Debug|Any CPU
		{5931F5F7-6A82-49B0-A1CE-53CDEB8908A3}.Release|Any CPU.ActiveCfg = Release|Any CPU
		{5931F5F7-6A82-49B0-A1CE-53CDEB8908A3}.Release|Any CPU.Build.0 = Release|Any CPU
	EndGlobalSection
	GlobalSection(SolutionProperties) = preSolution
		HideSolutionNode = FALSE
	EndGlobalSection
	GlobalSection(ExtensibilityGlobals) = postSolution
		SolutionGuid = {40D504D2-1175-4CE0-91FD-6010A3868081}
	EndGlobalSection
EndGlobal
