
Microsoft Visual Studio Solution File, Format Version 12.00
# Visual Studio Version 17
VisualStudioVersion = 17.3.32929.385
MinimumVisualStudioVersion = 10.0.40219.1
Project("{FAE04EC0-301F-11D3-BF4B-00C04F79EFBC}") = "ConsoleApp9", "ConsoleApp9\ConsoleApp9.csproj", "{42397BDB-6130-46F8-9C52-95213F099181}"
EndProject
Global
	GlobalSection(SolutionConfigurationPlatforms) = preSolution
		Debug|Any CPU = Debug|Any CPU
		Release|Any CPU = Release|Any CPU
	EndGlobalSection
	GlobalSection(ProjectConfigurationPlatforms) = postSolution
		{42397BDB-6130-46F8-9C52-95213F099181}.Debug|Any CPU.ActiveCfg = Debug|Any CPU
		{42397BDB-6130-46F8-9C52-95213F099181}.Debug|Any CPU.Build.0 = Debug|Any CPU
		{42397BDB-6130-46F8-9C52-95213F099181}.Release|Any CPU.ActiveCfg = Release|Any CPU
		{42397BDB-6130-46F8-9C52-95213F099181}.Release|Any CPU.Build.0 = Release|Any CPU
	EndGlobalSection
	GlobalSection(SolutionProperties) = preSolution
		HideSolutionNode = FALSE
	EndGlobalSection
	GlobalSection(ExtensibilityGlobals) = postSolution
		SolutionGuid = {45BF57F3-532F-4B3D-8EDD-2B97AFA7E724}
	EndGlobalSection
EndGlobal
