
Microsoft Visual Studio Solution File, Format Version 12.00
# Visual Studio Version 17
VisualStudioVersion = 17.3.32929.385
MinimumVisualStudioVersion = 10.0.40219.1
Project("{FAE04EC0-301F-11D3-BF4B-00C04F79EFBC}") = "WebApplication3", "WebApplication3\WebApplication3.csproj", "{B061216F-B3A4-4179-AF6C-2F0BE363C815}"
EndProject
Global
	GlobalSection(SolutionConfigurationPlatforms) = preSolution
		Debug|Any CPU = Debug|Any CPU
		Release|Any CPU = Release|Any CPU
	EndGlobalSection
	GlobalSection(ProjectConfigurationPlatforms) = postSolution
		{B061216F-B3A4-4179-AF6C-2F0BE363C815}.Debug|Any CPU.ActiveCfg = Debug|Any CPU
		{B061216F-B3A4-4179-AF6C-2F0BE363C815}.Debug|Any CPU.Build.0 = Debug|Any CPU
		{B061216F-B3A4-4179-AF6C-2F0BE363C815}.Release|Any CPU.ActiveCfg = Release|Any CPU
		{B061216F-B3A4-4179-AF6C-2F0BE363C815}.Release|Any CPU.Build.0 = Release|Any CPU
	EndGlobalSection
	GlobalSection(SolutionProperties) = preSolution
		HideSolutionNode = FALSE
	EndGlobalSection
	GlobalSection(ExtensibilityGlobals) = postSolution
		SolutionGuid = {A0FB348E-16C7-4697-BB09-48BD0CDC40A7}
	EndGlobalSection
EndGlobal
