
Microsoft Visual Studio Solution File, Format Version 12.00
# Visual Studio Version 17
VisualStudioVersion = 17.3.32929.385
MinimumVisualStudioVersion = 10.0.40219.1
Project("{FAE04EC0-301F-11D3-BF4B-00C04F79EFBC}") = "Calculator", "Calculator\Calculator.csproj", "{EBAAB8AA-76AC-432B-880C-A3118F5EDE1D}"
EndProject
Global
	GlobalSection(SolutionConfigurationPlatforms) = preSolution
		Debug|Any CPU = Debug|Any CPU
		Release|Any CPU = Release|Any CPU
	EndGlobalSection
	GlobalSection(ProjectConfigurationPlatforms) = postSolution
		{EBAAB8AA-76AC-432B-880C-A3118F5EDE1D}.Debug|Any CPU.ActiveCfg = Debug|Any CPU
		{EBAAB8AA-76AC-432B-880C-A3118F5EDE1D}.Debug|Any CPU.Build.0 = Debug|Any CPU
		{EBAAB8AA-76AC-432B-880C-A3118F5EDE1D}.Release|Any CPU.ActiveCfg = Release|Any CPU
		{EBAAB8AA-76AC-432B-880C-A3118F5EDE1D}.Release|Any CPU.Build.0 = Release|Any CPU
	EndGlobalSection
	GlobalSection(SolutionProperties) = preSolution
		HideSolutionNode = FALSE
	EndGlobalSection
	GlobalSection(ExtensibilityGlobals) = postSolution
		SolutionGuid = {61CD4963-302D-4254-9E30-5B8F9505A874}
	EndGlobalSection
EndGlobal
