
Microsoft Visual Studio Solution File, Format Version 12.00
# Visual Studio Version 17
VisualStudioVersion = 17.3.32929.385
MinimumVisualStudioVersion = 10.0.40219.1
Project("{FAE04EC0-301F-11D3-BF4B-00C04F79EFBC}") = "TASK2", "TASK2\TASK2.csproj", "{DF687837-0E01-44DF-8C98-0D4935CF220F}"
EndProject
Global
	GlobalSection(SolutionConfigurationPlatforms) = preSolution
		Debug|Any CPU = Debug|Any CPU
		Release|Any CPU = Release|Any CPU
	EndGlobalSection
	GlobalSection(ProjectConfigurationPlatforms) = postSolution
		{DF687837-0E01-44DF-8C98-0D4935CF220F}.Debug|Any CPU.ActiveCfg = Debug|Any CPU
		{DF687837-0E01-44DF-8C98-0D4935CF220F}.Debug|Any CPU.Build.0 = Debug|Any CPU
		{DF687837-0E01-44DF-8C98-0D4935CF220F}.Release|Any CPU.ActiveCfg = Release|Any CPU
		{DF687837-0E01-44DF-8C98-0D4935CF220F}.Release|Any CPU.Build.0 = Release|Any CPU
	EndGlobalSection
	GlobalSection(SolutionProperties) = preSolution
		HideSolutionNode = FALSE
	EndGlobalSection
	GlobalSection(ExtensibilityGlobals) = postSolution
		SolutionGuid = {DDEFE5D8-568E-4344-9F6F-A702ECB5668F}
	EndGlobalSection
EndGlobal
