
Microsoft Visual Studio Solution File, Format Version 12.00
# Visual Studio Version 17
VisualStudioVersion = 17.3.32929.385
MinimumVisualStudioVersion = 10.0.40219.1
Project("{FAE04EC0-301F-11D3-BF4B-00C04F79EFBC}") = "ConsoleApp18", "ConsoleApp18\ConsoleApp18.csproj", "{16FE914F-6284-432C-A1B7-9717C15DFFD0}"
EndProject
Global
	GlobalSection(SolutionConfigurationPlatforms) = preSolution
		Debug|Any CPU = Debug|Any CPU
		Release|Any CPU = Release|Any CPU
	EndGlobalSection
	GlobalSection(ProjectConfigurationPlatforms) = postSolution
		{16FE914F-6284-432C-A1B7-9717C15DFFD0}.Debug|Any CPU.ActiveCfg = Debug|Any CPU
		{16FE914F-6284-432C-A1B7-9717C15DFFD0}.Debug|Any CPU.Build.0 = Debug|Any CPU
		{16FE914F-6284-432C-A1B7-9717C15DFFD0}.Release|Any CPU.ActiveCfg = Release|Any CPU
		{16FE914F-6284-432C-A1B7-9717C15DFFD0}.Release|Any CPU.Build.0 = Release|Any CPU
	EndGlobalSection
	GlobalSection(SolutionProperties) = preSolution
		HideSolutionNode = FALSE
	EndGlobalSection
	GlobalSection(ExtensibilityGlobals) = postSolution
		SolutionGuid = {72DE3100-83E9-4FAE-B77B-F816B18B3DE0}
	EndGlobalSection
EndGlobal
