
Microsoft Visual Studio Solution File, Format Version 12.00
# Visual Studio Version 17
VisualStudioVersion = 17.3.32929.385
MinimumVisualStudioVersion = 10.0.40219.1
Project("{FAE04EC0-301F-11D3-BF4B-00C04F79EFBC}") = "CourseProject2", "CourseProject2\CourseProject2.csproj", "{C6FB903E-B376-4B47-8E79-A06B6150A759}"
EndProject
Global
	GlobalSection(SolutionConfigurationPlatforms) = preSolution
		Debug|Any CPU = Debug|Any CPU
		Release|Any CPU = Release|Any CPU
	EndGlobalSection
	GlobalSection(ProjectConfigurationPlatforms) = postSolution
		{C6FB903E-B376-4B47-8E79-A06B6150A759}.Debug|Any CPU.ActiveCfg = Debug|Any CPU
		{C6FB903E-B376-4B47-8E79-A06B6150A759}.Debug|Any CPU.Build.0 = Debug|Any CPU
		{C6FB903E-B376-4B47-8E79-A06B6150A759}.Release|Any CPU.ActiveCfg = Release|Any CPU
		{C6FB903E-B376-4B47-8E79-A06B6150A759}.Release|Any CPU.Build.0 = Release|Any CPU
	EndGlobalSection
	GlobalSection(SolutionProperties) = preSolution
		HideSolutionNode = FALSE
	EndGlobalSection
	GlobalSection(ExtensibilityGlobals) = postSolution
		SolutionGuid = {28D1ADC4-2F5A-4E36-9E95-5E2E20B7805F}
	EndGlobalSection
EndGlobal
