
Microsoft Visual Studio Solution File, Format Version 12.00
# Visual Studio Version 17
VisualStudioVersion = 17.3.32929.385
MinimumVisualStudioVersion = 10.0.40219.1
Project("{FAE04EC0-301F-11D3-BF4B-00C04F79EFBC}") = "ConsoleApp24", "ConsoleApp24.csproj", "{E827D185-A378-4EB1-A2F8-6DF3EFADBE09}"
EndProject
Global
	GlobalSection(SolutionConfigurationPlatforms) = preSolution
		Debug|Any CPU = Debug|Any CPU
		Release|Any CPU = Release|Any CPU
	EndGlobalSection
	GlobalSection(ProjectConfigurationPlatforms) = postSolution
		{E827D185-A378-4EB1-A2F8-6DF3EFADBE09}.Debug|Any CPU.ActiveCfg = Debug|Any CPU
		{E827D185-A378-4EB1-A2F8-6DF3EFADBE09}.Debug|Any CPU.Build.0 = Debug|Any CPU
		{E827D185-A378-4EB1-A2F8-6DF3EFADBE09}.Release|Any CPU.ActiveCfg = Release|Any CPU
		{E827D185-A378-4EB1-A2F8-6DF3EFADBE09}.Release|Any CPU.Build.0 = Release|Any CPU
	EndGlobalSection
	GlobalSection(SolutionProperties) = preSolution
		HideSolutionNode = FALSE
	EndGlobalSection
	GlobalSection(ExtensibilityGlobals) = postSolution
		SolutionGuid = {A22ADACF-C23C-424C-BEBC-33029518670E}
	EndGlobalSection
EndGlobal
