
Microsoft Visual Studio Solution File, Format Version 12.00
# Visual Studio Version 17
VisualStudioVersion = 17.3.32929.385
MinimumVisualStudioVersion = 10.0.40219.1
Project("{FAE04EC0-301F-11D3-BF4B-00C04F79EFBC}") = "Lab16", "Lab16\Lab16.csproj", "{6F5FF3E6-8768-4251-9A14-A21423271C36}"
EndProject
Global
	GlobalSection(SolutionConfigurationPlatforms) = preSolution
		Debug|Any CPU = Debug|Any CPU
		Release|Any CPU = Release|Any CPU
	EndGlobalSection
	GlobalSection(ProjectConfigurationPlatforms) = postSolution
		{6F5FF3E6-8768-4251-9A14-A21423271C36}.Debug|Any CPU.ActiveCfg = Debug|Any CPU
		{6F5FF3E6-8768-4251-9A14-A21423271C36}.Debug|Any CPU.Build.0 = Debug|Any CPU
		{6F5FF3E6-8768-4251-9A14-A21423271C36}.Release|Any CPU.ActiveCfg = Release|Any CPU
		{6F5FF3E6-8768-4251-9A14-A21423271C36}.Release|Any CPU.Build.0 = Release|Any CPU
	EndGlobalSection
	GlobalSection(SolutionProperties) = preSolution
		HideSolutionNode = FALSE
	EndGlobalSection
	GlobalSection(ExtensibilityGlobals) = postSolution
		SolutionGuid = {6795014E-8D57-4203-80CD-F73466985F71}
	EndGlobalSection
EndGlobal
