
Microsoft Visual Studio Solution File, Format Version 12.00
# Visual Studio Version 17
VisualStudioVersion = 17.3.32929.385
MinimumVisualStudioVersion = 10.0.40219.1
Project("{FAE04EC0-301F-11D3-BF4B-00C04F79EFBC}") = "ConsoleApp11", "ConsoleApp11\ConsoleApp11.csproj", "{377122E7-D27A-43B5-A3B2-C87F8836D26F}"
EndProject
Global
	GlobalSection(SolutionConfigurationPlatforms) = preSolution
		Debug|Any CPU = Debug|Any CPU
		Release|Any CPU = Release|Any CPU
	EndGlobalSection
	GlobalSection(ProjectConfigurationPlatforms) = postSolution
		{377122E7-D27A-43B5-A3B2-C87F8836D26F}.Debug|Any CPU.ActiveCfg = Debug|Any CPU
		{377122E7-D27A-43B5-A3B2-C87F8836D26F}.Debug|Any CPU.Build.0 = Debug|Any CPU
		{377122E7-D27A-43B5-A3B2-C87F8836D26F}.Release|Any CPU.ActiveCfg = Release|Any CPU
		{377122E7-D27A-43B5-A3B2-C87F8836D26F}.Release|Any CPU.Build.0 = Release|Any CPU
	EndGlobalSection
	GlobalSection(SolutionProperties) = preSolution
		HideSolutionNode = FALSE
	EndGlobalSection
	GlobalSection(ExtensibilityGlobals) = postSolution
		SolutionGuid = {FACCF1FA-995D-4A55-A429-C2F8D9C67F1F}
	EndGlobalSection
EndGlobal
