
Microsoft Visual Studio Solution File, Format Version 12.00
# Visual Studio Version 17
VisualStudioVersion = 17.3.32929.385
MinimumVisualStudioVersion = 10.0.40219.1
Project("{FAE04EC0-301F-11D3-BF4B-00C04F79EFBC}") = "ConsoleApp9", "ConsoleApp9\ConsoleApp9.csproj", "{EA2A1ACF-4CF4-49EE-9DEF-D836B22FB751}"
EndProject
Global
	GlobalSection(SolutionConfigurationPlatforms) = preSolution
		Debug|Any CPU = Debug|Any CPU
		Release|Any CPU = Release|Any CPU
	EndGlobalSection
	GlobalSection(ProjectConfigurationPlatforms) = postSolution
		{EA2A1ACF-4CF4-49EE-9DEF-D836B22FB751}.Debug|Any CPU.ActiveCfg = Debug|Any CPU
		{EA2A1ACF-4CF4-49EE-9DEF-D836B22FB751}.Debug|Any CPU.Build.0 = Debug|Any CPU
		{EA2A1ACF-4CF4-49EE-9DEF-D836B22FB751}.Release|Any CPU.ActiveCfg = Release|Any CPU
		{EA2A1ACF-4CF4-49EE-9DEF-D836B22FB751}.Release|Any CPU.Build.0 = Release|Any CPU
	EndGlobalSection
	GlobalSection(SolutionProperties) = preSolution
		HideSolutionNode = FALSE
	EndGlobalSection
	GlobalSection(ExtensibilityGlobals) = postSolution
		SolutionGuid = {0C9A3FB2-74FF-447F-B69B-2F5D2FA041F2}
	EndGlobalSection
EndGlobal
