
Microsoft Visual Studio Solution File, Format Version 12.00
# Visual Studio Version 17
VisualStudioVersion = 17.3.32929.385
MinimumVisualStudioVersion = 10.0.40219.1
Project("{FAE04EC0-301F-11D3-BF4B-00C04F79EFBC}") = "ConsoleApp14", "ConsoleApp14\ConsoleApp14.csproj", "{4C60EF95-3183-4204-89C6-E9BB9B18696F}"
EndProject
Global
	GlobalSection(SolutionConfigurationPlatforms) = preSolution
		Debug|Any CPU = Debug|Any CPU
		Release|Any CPU = Release|Any CPU
	EndGlobalSection
	GlobalSection(ProjectConfigurationPlatforms) = postSolution
		{4C60EF95-3183-4204-89C6-E9BB9B18696F}.Debug|Any CPU.ActiveCfg = Debug|Any CPU
		{4C60EF95-3183-4204-89C6-E9BB9B18696F}.Debug|Any CPU.Build.0 = Debug|Any CPU
		{4C60EF95-3183-4204-89C6-E9BB9B18696F}.Release|Any CPU.ActiveCfg = Release|Any CPU
		{4C60EF95-3183-4204-89C6-E9BB9B18696F}.Release|Any CPU.Build.0 = Release|Any CPU
	EndGlobalSection
	GlobalSection(SolutionProperties) = preSolution
		HideSolutionNode = FALSE
	EndGlobalSection
	GlobalSection(ExtensibilityGlobals) = postSolution
		SolutionGuid = {4AAB500F-221F-42F3-8888-E192D0B9E390}
	EndGlobalSection
EndGlobal
