
Microsoft Visual Studio Solution File, Format Version 12.00
# Visual Studio Version 17
VisualStudioVersion = 17.3.32929.385
MinimumVisualStudioVersion = 10.0.40219.1
Project("{FAE04EC0-301F-11D3-BF4B-00C04F79EFBC}") = "ConsoleApp6", "ConsoleApp6\ConsoleApp6.csproj", "{67B673A2-0411-4854-842A-81E7C5CEE4AA}"
EndProject
Global
	GlobalSection(SolutionConfigurationPlatforms) = preSolution
		Debug|Any CPU = Debug|Any CPU
		Release|Any CPU = Release|Any CPU
	EndGlobalSection
	GlobalSection(ProjectConfigurationPlatforms) = postSolution
		{67B673A2-0411-4854-842A-81E7C5CEE4AA}.Debug|Any CPU.ActiveCfg = Debug|Any CPU
		{67B673A2-0411-4854-842A-81E7C5CEE4AA}.Debug|Any CPU.Build.0 = Debug|Any CPU
		{67B673A2-0411-4854-842A-81E7C5CEE4AA}.Release|Any CPU.ActiveCfg = Release|Any CPU
		{67B673A2-0411-4854-842A-81E7C5CEE4AA}.Release|Any CPU.Build.0 = Release|Any CPU
	EndGlobalSection
	GlobalSection(SolutionProperties) = preSolution
		HideSolutionNode = FALSE
	EndGlobalSection
	GlobalSection(ExtensibilityGlobals) = postSolution
		SolutionGuid = {667F37CE-5AD2-4141-AE41-4DE4031DA4B4}
	EndGlobalSection
EndGlobal
