
Microsoft Visual Studio Solution File, Format Version 12.00
# Visual Studio Version 17
VisualStudioVersion = 17.3.32929.385
MinimumVisualStudioVersion = 10.0.40219.1
Project("{FAE04EC0-301F-11D3-BF4B-00C04F79EFBC}") = "Dipl2", "Dipl2\Dipl2.csproj", "{3EE70311-D076-4A67-B084-3DE4AE90D483}"
EndProject
Global
	GlobalSection(SolutionConfigurationPlatforms) = preSolution
		Debug|Any CPU = Debug|Any CPU
		Release|Any CPU = Release|Any CPU
	EndGlobalSection
	GlobalSection(ProjectConfigurationPlatforms) = postSolution
		{3EE70311-D076-4A67-B084-3DE4AE90D483}.Debug|Any CPU.ActiveCfg = Debug|Any CPU
		{3EE70311-D076-4A67-B084-3DE4AE90D483}.Debug|Any CPU.Build.0 = Debug|Any CPU
		{3EE70311-D076-4A67-B084-3DE4AE90D483}.Release|Any CPU.ActiveCfg = Release|Any CPU
		{3EE70311-D076-4A67-B084-3DE4AE90D483}.Release|Any CPU.Build.0 = Release|Any CPU
	EndGlobalSection
	GlobalSection(SolutionProperties) = preSolution
		HideSolutionNode = FALSE
	EndGlobalSection
	GlobalSection(ExtensibilityGlobals) = postSolution
		SolutionGuid = {95D6863C-5B78-4EF2-B317-1C2909AA0F67}
	EndGlobalSection
EndGlobal
