
Microsoft Visual Studio Solution File, Format Version 12.00
# Visual Studio Version 17
VisualStudioVersion = 17.3.32929.385
MinimumVisualStudioVersion = 10.0.40219.1
Project("{FAE04EC0-301F-11D3-BF4B-00C04F79EFBC}") = "WinFormsApp2", "WinFormsApp2\WinFormsApp2.csproj", "{CB87471D-32C5-469F-83C1-48970C693600}"
EndProject
Global
	GlobalSection(SolutionConfigurationPlatforms) = preSolution
		Debug|Any CPU = Debug|Any CPU
		Release|Any CPU = Release|Any CPU
	EndGlobalSection
	GlobalSection(ProjectConfigurationPlatforms) = postSolution
		{CB87471D-32C5-469F-83C1-48970C693600}.Debug|Any CPU.ActiveCfg = Debug|Any CPU
		{CB87471D-32C5-469F-83C1-48970C693600}.Debug|Any CPU.Build.0 = Debug|Any CPU
		{CB87471D-32C5-469F-83C1-48970C693600}.Release|Any CPU.ActiveCfg = Release|Any CPU
		{CB87471D-32C5-469F-83C1-48970C693600}.Release|Any CPU.Build.0 = Release|Any CPU
	EndGlobalSection
	GlobalSection(SolutionProperties) = preSolution
		HideSolutionNode = FALSE
	EndGlobalSection
	GlobalSection(ExtensibilityGlobals) = postSolution
		SolutionGuid = {38F5F2F8-D77F-45C6-86F1-2722B569C392}
	EndGlobalSection
EndGlobal
