
Microsoft Visual Studio Solution File, Format Version 12.00
# Visual Studio Version 17
VisualStudioVersion = 17.3.32929.385
MinimumVisualStudioVersion = 10.0.40219.1
Project("{FAE04EC0-301F-11D3-BF4B-00C04F79EFBC}") = "WebApplication10", "WebApplication10\WebApplication10.csproj", "{DEE3CA23-022A-42F3-87E8-1766FFF61890}"
EndProject
Global
	GlobalSection(SolutionConfigurationPlatforms) = preSolution
		Debug|Any CPU = Debug|Any CPU
		Release|Any CPU = Release|Any CPU
	EndGlobalSection
	GlobalSection(ProjectConfigurationPlatforms) = postSolution
		{DEE3CA23-022A-42F3-87E8-1766FFF61890}.Debug|Any CPU.ActiveCfg = Debug|Any CPU
		{DEE3CA23-022A-42F3-87E8-1766FFF61890}.Debug|Any CPU.Build.0 = Debug|Any CPU
		{DEE3CA23-022A-42F3-87E8-1766FFF61890}.Release|Any CPU.ActiveCfg = Release|Any CPU
		{DEE3CA23-022A-42F3-87E8-1766FFF61890}.Release|Any CPU.Build.0 = Release|Any CPU
	EndGlobalSection
	GlobalSection(SolutionProperties) = preSolution
		HideSolutionNode = FALSE
	EndGlobalSection
	GlobalSection(ExtensibilityGlobals) = postSolution
		SolutionGuid = {991161D3-6DF1-440E-848B-971948DEDBAA}
	EndGlobalSection
EndGlobal
